
Microsoft Visual Studio Solution File, Format Version 12.00
# Visual Studio Version 17
VisualStudioVersion = 17.1.32228.430
MinimumVisualStudioVersion = 10.0.40219.1
Project("{FAE04EC0-301F-11D3-BF4B-00C04F79EFBC}") = "Georgia_Tech_Library_API", "Georgia_Tech_Library_API\Georgia_Tech_Library_API.csproj", "{6A887E9D-5437-4E6C-8075-B10FAB100C4A}"
EndProject
Project("{FAE04EC0-301F-11D3-BF4B-00C04F79EFBC}") = "Georgia_Tech_Library_Test", "Georgia_Tech_Library_Test\Georgia_Tech_Library_Test.csproj", "{A00619FF-A86D-4411-AA23-209B91AFC2A5}"
EndProject
Global
	GlobalSection(SolutionConfigurationPlatforms) = preSolution
		Debug|Any CPU = Debug|Any CPU
		Release|Any CPU = Release|Any CPU
	EndGlobalSection
	GlobalSection(ProjectConfigurationPlatforms) = postSolution
		{6A887E9D-5437-4E6C-8075-B10FAB100C4A}.Debug|Any CPU.ActiveCfg = Debug|Any CPU
		{6A887E9D-5437-4E6C-8075-B10FAB100C4A}.Debug|Any CPU.Build.0 = Debug|Any CPU
		{6A887E9D-5437-4E6C-8075-B10FAB100C4A}.Release|Any CPU.ActiveCfg = Release|Any CPU
		{6A887E9D-5437-4E6C-8075-B10FAB100C4A}.Release|Any CPU.Build.0 = Release|Any CPU
		{A00619FF-A86D-4411-AA23-209B91AFC2A5}.Debug|Any CPU.ActiveCfg = Debug|Any CPU
		{A00619FF-A86D-4411-AA23-209B91AFC2A5}.Debug|Any CPU.Build.0 = Debug|Any CPU
		{A00619FF-A86D-4411-AA23-209B91AFC2A5}.Release|Any CPU.ActiveCfg = Release|Any CPU
		{A00619FF-A86D-4411-AA23-209B91AFC2A5}.Release|Any CPU.Build.0 = Release|Any CPU
	EndGlobalSection
	GlobalSection(SolutionProperties) = preSolution
		HideSolutionNode = FALSE
	EndGlobalSection
	GlobalSection(ExtensibilityGlobals) = postSolution
		SolutionGuid = {C5C13F93-6798-4D36-B706-BF8321ED3FDF}
	EndGlobalSection
EndGlobal
